# THIS IS AN AUTOGENERATED FILE. DO NOT EDIT THIS FILE DIRECTLY.
# yarn lockfile v1


md5-file@^4.0.0:
  version "4.0.0"
  resolved "https://registry.yarnpkg.com/md5-file/-/md5-file-4.0.0.tgz#f3f7ba1e2dd1144d5bf1de698d0e5f44a4409584"
  integrity sha512-UC0qFwyAjn4YdPpKaDNw6gNxRf7Mcx7jC1UGCY4boCzgvU2Aoc1mOGzTtrjjLKhM5ivsnhoKpQVxKPp+1j1qwg==
